
Microsoft Visual Studio Solution File, Format Version 12.00
# Visual Studio Version 16
VisualStudioVersion = 16.0.30406.217
MinimumVisualStudioVersion = 10.0.40219.1
Project("{FAE04EC0-301F-11D3-BF4B-00C04F79EFBC}") = "Frutaria", "Frutaria\Frutaria.csproj", "{D3BF063C-130C-4273-A78A-8F43694FC610}"
EndProject
Global
	GlobalSection(SolutionConfigurationPlatforms) = preSolution
		Debug|Any CPU = Debug|Any CPU
		Release|Any CPU = Release|Any CPU
	EndGlobalSection
	GlobalSection(ProjectConfigurationPlatforms) = postSolution
		{D3BF063C-130C-4273-A78A-8F43694FC610}.Debug|Any CPU.ActiveCfg = Debug|Any CPU
		{D3BF063C-130C-4273-A78A-8F43694FC610}.Debug|Any CPU.Build.0 = Debug|Any CPU
		{D3BF063C-130C-4273-A78A-8F43694FC610}.Release|Any CPU.ActiveCfg = Release|Any CPU
		{D3BF063C-130C-4273-A78A-8F43694FC610}.Release|Any CPU.Build.0 = Release|Any CPU
	EndGlobalSection
	GlobalSection(SolutionProperties) = preSolution
		HideSolutionNode = FALSE
	EndGlobalSection
	GlobalSection(ExtensibilityGlobals) = postSolution
		SolutionGuid = {E5DF17DF-C767-447C-9A7F-02440B82D216}
	EndGlobalSection
EndGlobal
